
Microsoft Visual Studio Solution File, Format Version 12.00
# Visual Studio 15
VisualStudioVersion = 15.0.26228.4
MinimumVisualStudioVersion = 10.0.40219.1
Project("{2150E333-8FDC-42A3-9474-1A3956D46DE8}") = "tests", "tests", "{E7B39EAD-EA32-4011-845A-C949A336389A}"
	ProjectSection(SolutionItems) = preProject
		build\common.props = build\common.props
		build\common.ps1 = build\common.ps1
		build\common.targets = build\common.targets
		build\config.props = build\config.props
		build\sign.targets = build\sign.targets
		build\test.targets = build\test.targets
	EndProjectSection
EndProject
Project("{2150E333-8FDC-42A3-9474-1A3956D46DE8}") = "Solution Items", "Solution Items", "{A2E61590-0069-4746-A44D-4B2B805EDD91}"
	ProjectSection(SolutionItems) = preProject
		build.cmd = build.cmd
		CodeAnalysisDictionary.xml = CodeAnalysisDictionary.xml
		NuGet.ruleset = NuGet.ruleset
	EndProjectSection
EndProject
Project("{2150E333-8FDC-42A3-9474-1A3956D46DE8}") = "Core", "Core", "{1D0E79D8-8940-4CE9-BFD4-36EC4F4E3698}"
EndProject
Project("{9A19103F-16F7-4668-BE54-9A1E7A4F7556}") = "NuGet.ServerLib", "src\NuGet.Server\NuGet.ServerLib.csproj", "{F2D2010C-40F9-4EA6-B37A-141A44F677F0}"
EndProject
Project("{9A19103F-16F7-4668-BE54-9A1E7A4F7556}") = "NuGet.Common", "..\NuGet.Core\NuGet.Common\NuGet.Common.csproj", "{34C38812-8CDE-42AB-845F-E1761A232628}"
EndProject
Project("{9A19103F-16F7-4668-BE54-9A1E7A4F7556}") = "NuGet.Versioning", "..\NuGet.Core\NuGet.Versioning\NuGet.Versioning.csproj", "{1DDD91CC-30EB-4A20-B70D-EFDD0378D06C}"
EndProject
Project("{9A19103F-16F7-4668-BE54-9A1E7A4F7556}") = "NuGet.Resolver", "..\NuGet.Core\NuGet.Resolver\NuGet.Resolver.csproj", "{5D69604F-3FF4-429E-A846-9D4B64865295}"
EndProject
Project("{9A19103F-16F7-4668-BE54-9A1E7A4F7556}") = "NuGet.Packaging.Core", "..\NuGet.Core\NuGet.Packaging.Core\NuGet.Packaging.Core.csproj", "{87A6A028-7F33-4ADF-BE12-42055FCA415F}"
EndProject
Project("{9A19103F-16F7-4668-BE54-9A1E7A4F7556}") = "NuGet.Packaging", "..\NuGet.Core\NuGet.Packaging\NuGet.Packaging.csproj", "{7EF9F4E3-C8D0-4141-97E2-422000EF5CE6}"
EndProject
Project("{9A19103F-16F7-4668-BE54-9A1E7A4F7556}") = "NuGet.Frameworks", "..\NuGet.Core\NuGet.Frameworks\NuGet.Frameworks.csproj", "{6E4CDE33-291B-4C17-AB5F-BBA04FDC0FA9}"
EndProject
Project("{9A19103F-16F7-4668-BE54-9A1E7A4F7556}") = "NuGet.Protocol", "..\NuGet.Core\NuGet.Protocol\NuGet.Protocol.csproj", "{F61E1F91-4798-44A9-B3E2-82367A4096F0}"
EndProject
Project("{9A19103F-16F7-4668-BE54-9A1E7A4F7556}") = "NuGet.Configuration", "..\NuGet.Core\NuGet.Configuration\NuGet.Configuration.csproj", "{2C22DB5E-6047-461F-BCE6-C122F8E47057}"
EndProject
Global
	GlobalSection(SolutionConfigurationPlatforms) = preSolution
		Coverage|Any CPU = Coverage|Any CPU
		Coverage|Mixed Platforms = Coverage|Mixed Platforms
		Debug|Any CPU = Debug|Any CPU
		Debug|Mixed Platforms = Debug|Mixed Platforms
		Mono Debug|Any CPU = Mono Debug|Any CPU
		Mono Debug|Mixed Platforms = Mono Debug|Mixed Platforms
		Mono Release|Any CPU = Mono Release|Any CPU
		Mono Release|Mixed Platforms = Mono Release|Mixed Platforms
		Release|Any CPU = Release|Any CPU
		Release|Mixed Platforms = Release|Mixed Platforms
	EndGlobalSection
	GlobalSection(ProjectConfigurationPlatforms) = postSolution
		{F2D2010C-40F9-4EA6-B37A-141A44F677F0}.Coverage|Any CPU.ActiveCfg = Debug|Any CPU
		{F2D2010C-40F9-4EA6-B37A-141A44F677F0}.Coverage|Any CPU.Build.0 = Debug|Any CPU
		{F2D2010C-40F9-4EA6-B37A-141A44F677F0}.Coverage|Mixed Platforms.ActiveCfg = Debug|Any CPU
		{F2D2010C-40F9-4EA6-B37A-141A44F677F0}.Coverage|Mixed Platforms.Build.0 = Debug|Any CPU
		{F2D2010C-40F9-4EA6-B37A-141A44F677F0}.Debug|Any CPU.ActiveCfg = Debug|Any CPU
		{F2D2010C-40F9-4EA6-B37A-141A44F677F0}.Debug|Any CPU.Build.0 = Debug|Any CPU
		{F2D2010C-40F9-4EA6-B37A-141A44F677F0}.Debug|Mixed Platforms.ActiveCfg = Debug|Any CPU
		{F2D2010C-40F9-4EA6-B37A-141A44F677F0}.Debug|Mixed Platforms.Build.0 = Debug|Any CPU
		{F2D2010C-40F9-4EA6-B37A-141A44F677F0}.Mono Debug|Any CPU.ActiveCfg = Debug|Any CPU
		{F2D2010C-40F9-4EA6-B37A-141A44F677F0}.Mono Debug|Any CPU.Build.0 = Debug|Any CPU
		{F2D2010C-40F9-4EA6-B37A-141A44F677F0}.Mono Debug|Mixed Platforms.ActiveCfg = Debug|Any CPU
		{F2D2010C-40F9-4EA6-B37A-141A44F677F0}.Mono Debug|Mixed Platforms.Build.0 = Debug|Any CPU
		{F2D2010C-40F9-4EA6-B37A-141A44F677F0}.Mono Release|Any CPU.ActiveCfg = Mono Release|Any CPU
		{F2D2010C-40F9-4EA6-B37A-141A44F677F0}.Mono Release|Any CPU.Build.0 = Mono Release|Any CPU
		{F2D2010C-40F9-4EA6-B37A-141A44F677F0}.Mono Release|Mixed Platforms.ActiveCfg = Mono Release|Any CPU
		{F2D2010C-40F9-4EA6-B37A-141A44F677F0}.Mono Release|Mixed Platforms.Build.0 = Mono Release|Any CPU
		{F2D2010C-40F9-4EA6-B37A-141A44F677F0}.Release|Any CPU.ActiveCfg = Release|Any CPU
		{F2D2010C-40F9-4EA6-B37A-141A44F677F0}.Release|Any CPU.Build.0 = Release|Any CPU
		{F2D2010C-40F9-4EA6-B37A-141A44F677F0}.Release|Mixed Platforms.ActiveCfg = Release|Any CPU
		{F2D2010C-40F9-4EA6-B37A-141A44F677F0}.Release|Mixed Platforms.Build.0 = Release|Any CPU
		{34C38812-8CDE-42AB-845F-E1761A232628}.Coverage|Any CPU.ActiveCfg = Mono Release|Any CPU
		{34C38812-8CDE-42AB-845F-E1761A232628}.Coverage|Any CPU.Build.0 = Mono Release|Any CPU
		{34C38812-8CDE-42AB-845F-E1761A232628}.Coverage|Mixed Platforms.ActiveCfg = Mono Release|Any CPU
		{34C38812-8CDE-42AB-845F-E1761A232628}.Coverage|Mixed Platforms.Build.0 = Mono Release|Any CPU
		{34C38812-8CDE-42AB-845F-E1761A232628}.Debug|Any CPU.ActiveCfg = Debug|Any CPU
		{34C38812-8CDE-42AB-845F-E1761A232628}.Debug|Any CPU.Build.0 = Debug|Any CPU
		{34C38812-8CDE-42AB-845F-E1761A232628}.Debug|Mixed Platforms.ActiveCfg = Debug|Any CPU
		{34C38812-8CDE-42AB-845F-E1761A232628}.Debug|Mixed Platforms.Build.0 = Debug|Any CPU
		{34C38812-8CDE-42AB-845F-E1761A232628}.Mono Debug|Any CPU.ActiveCfg = Mono Release|Any CPU
		{34C38812-8CDE-42AB-845F-E1761A232628}.Mono Debug|Any CPU.Build.0 = Mono Release|Any CPU
		{34C38812-8CDE-42AB-845F-E1761A232628}.Mono Debug|Mixed Platforms.ActiveCfg = Mono Release|Any CPU
		{34C38812-8CDE-42AB-845F-E1761A232628}.Mono Debug|Mixed Platforms.Build.0 = Mono Release|Any CPU
		{34C38812-8CDE-42AB-845F-E1761A232628}.Mono Release|Any CPU.ActiveCfg = Mono Release|Any CPU
		{34C38812-8CDE-42AB-845F-E1761A232628}.Mono Release|Any CPU.Build.0 = Mono Release|Any CPU
		{34C38812-8CDE-42AB-845F-E1761A232628}.Mono Release|Mixed Platforms.ActiveCfg = Mono Release|Any CPU
		{34C38812-8CDE-42AB-845F-E1761A232628}.Mono Release|Mixed Platforms.Build.0 = Mono Release|Any CPU
		{34C38812-8CDE-42AB-845F-E1761A232628}.Release|Any CPU.ActiveCfg = Release|Any CPU
		{34C38812-8CDE-42AB-845F-E1761A232628}.Release|Any CPU.Build.0 = Release|Any CPU
		{34C38812-8CDE-42AB-845F-E1761A232628}.Release|Mixed Platforms.ActiveCfg = Release|Any CPU
		{34C38812-8CDE-42AB-845F-E1761A232628}.Release|Mixed Platforms.Build.0 = Release|Any CPU
		{1DDD91CC-30EB-4A20-B70D-EFDD0378D06C}.Coverage|Any CPU.ActiveCfg = Mono Release|Any CPU
		{1DDD91CC-30EB-4A20-B70D-EFDD0378D06C}.Coverage|Any CPU.Build.0 = Mono Release|Any CPU
		{1DDD91CC-30EB-4A20-B70D-EFDD0378D06C}.Coverage|Mixed Platforms.ActiveCfg = Mono Release|Any CPU
		{1DDD91CC-30EB-4A20-B70D-EFDD0378D06C}.Coverage|Mixed Platforms.Build.0 = Mono Release|Any CPU
		{1DDD91CC-30EB-4A20-B70D-EFDD0378D06C}.Debug|Any CPU.ActiveCfg = Debug|Any CPU
		{1DDD91CC-30EB-4A20-B70D-EFDD0378D06C}.Debug|Any CPU.Build.0 = Debug|Any CPU
		{1DDD91CC-30EB-4A20-B70D-EFDD0378D06C}.Debug|Mixed Platforms.ActiveCfg = Debug|Any CPU
		{1DDD91CC-30EB-4A20-B70D-EFDD0378D06C}.Debug|Mixed Platforms.Build.0 = Debug|Any CPU
		{1DDD91CC-30EB-4A20-B70D-EFDD0378D06C}.Mono Debug|Any CPU.ActiveCfg = Mono Release|Any CPU
		{1DDD91CC-30EB-4A20-B70D-EFDD0378D06C}.Mono Debug|Any CPU.Build.0 = Mono Release|Any CPU
		{1DDD91CC-30EB-4A20-B70D-EFDD0378D06C}.Mono Debug|Mixed Platforms.ActiveCfg = Mono Release|Any CPU
		{1DDD91CC-30EB-4A20-B70D-EFDD0378D06C}.Mono Debug|Mixed Platforms.Build.0 = Mono Release|Any CPU
		{1DDD91CC-30EB-4A20-B70D-EFDD0378D06C}.Mono Release|Any CPU.ActiveCfg = Mono Release|Any CPU
		{1DDD91CC-30EB-4A20-B70D-EFDD0378D06C}.Mono Release|Any CPU.Build.0 = Mono Release|Any CPU
		{1DDD91CC-30EB-4A20-B70D-EFDD0378D06C}.Mono Release|Mixed Platforms.ActiveCfg = Mono Release|Any CPU
		{1DDD91CC-30EB-4A20-B70D-EFDD0378D06C}.Mono Release|Mixed Platforms.Build.0 = Mono Release|Any CPU
		{1DDD91CC-30EB-4A20-B70D-EFDD0378D06C}.Release|Any CPU.ActiveCfg = Release|Any CPU
		{1DDD91CC-30EB-4A20-B70D-EFDD0378D06C}.Release|Any CPU.Build.0 = Release|Any CPU
		{1DDD91CC-30EB-4A20-B70D-EFDD0378D06C}.Release|Mixed Platforms.ActiveCfg = Release|Any CPU
		{1DDD91CC-30EB-4A20-B70D-EFDD0378D06C}.Release|Mixed Platforms.Build.0 = Release|Any CPU
		{5D69604F-3FF4-429E-A846-9D4B64865295}.Coverage|Any CPU.ActiveCfg = Mono Release|Any CPU
		{5D69604F-3FF4-429E-A846-9D4B64865295}.Coverage|Any CPU.Build.0 = Mono Release|Any CPU
		{5D69604F-3FF4-429E-A846-9D4B64865295}.Coverage|Mixed Platforms.ActiveCfg = Mono Release|Any CPU
		{5D69604F-3FF4-429E-A846-9D4B64865295}.Coverage|Mixed Platforms.Build.0 = Mono Release|Any CPU
		{5D69604F-3FF4-429E-A846-9D4B64865295}.Debug|Any CPU.ActiveCfg = Debug|Any CPU
		{5D69604F-3FF4-429E-A846-9D4B64865295}.Debug|Any CPU.Build.0 = Debug|Any CPU
		{5D69604F-3FF4-429E-A846-9D4B64865295}.Debug|Mixed Platforms.ActiveCfg = Debug|Any CPU
		{5D69604F-3FF4-429E-A846-9D4B64865295}.Debug|Mixed Platforms.Build.0 = Debug|Any CPU
		{5D69604F-3FF4-429E-A846-9D4B64865295}.Mono Debug|Any CPU.ActiveCfg = Mono Release|Any CPU
		{5D69604F-3FF4-429E-A846-9D4B64865295}.Mono Debug|Any CPU.Build.0 = Mono Release|Any CPU
		{5D69604F-3FF4-429E-A846-9D4B64865295}.Mono Debug|Mixed Platforms.ActiveCfg = Mono Release|Any CPU
		{5D69604F-3FF4-429E-A846-9D4B64865295}.Mono Debug|Mixed Platforms.Build.0 = Mono Release|Any CPU
		{5D69604F-3FF4-429E-A846-9D4B64865295}.Mono Release|Any CPU.ActiveCfg = Mono Release|Any CPU
		{5D69604F-3FF4-429E-A846-9D4B64865295}.Mono Release|Any CPU.Build.0 = Mono Release|Any CPU
		{5D69604F-3FF4-429E-A846-9D4B64865295}.Mono Release|Mixed Platforms.ActiveCfg = Mono Release|Any CPU
		{5D69604F-3FF4-429E-A846-9D4B64865295}.Mono Release|Mixed Platforms.Build.0 = Mono Release|Any CPU
		{5D69604F-3FF4-429E-A846-9D4B64865295}.Release|Any CPU.ActiveCfg = Release|Any CPU
		{5D69604F-3FF4-429E-A846-9D4B64865295}.Release|Any CPU.Build.0 = Release|Any CPU
		{5D69604F-3FF4-429E-A846-9D4B64865295}.Release|Mixed Platforms.ActiveCfg = Release|Any CPU
		{5D69604F-3FF4-429E-A846-9D4B64865295}.Release|Mixed Platforms.Build.0 = Release|Any CPU
		{87A6A028-7F33-4ADF-BE12-42055FCA415F}.Coverage|Any CPU.ActiveCfg = Debug|Any CPU
		{87A6A028-7F33-4ADF-BE12-42055FCA415F}.Coverage|Any CPU.Build.0 = Debug|Any CPU
		{87A6A028-7F33-4ADF-BE12-42055FCA415F}.Coverage|Mixed Platforms.ActiveCfg = Debug|Any CPU
		{87A6A028-7F33-4ADF-BE12-42055FCA415F}.Coverage|Mixed Platforms.Build.0 = Debug|Any CPU
		{87A6A028-7F33-4ADF-BE12-42055FCA415F}.Debug|Any CPU.ActiveCfg = Debug|Any CPU
		{87A6A028-7F33-4ADF-BE12-42055FCA415F}.Debug|Any CPU.Build.0 = Debug|Any CPU
		{87A6A028-7F33-4ADF-BE12-42055FCA415F}.Debug|Mixed Platforms.ActiveCfg = Debug|Any CPU
		{87A6A028-7F33-4ADF-BE12-42055FCA415F}.Debug|Mixed Platforms.Build.0 = Debug|Any CPU
		{87A6A028-7F33-4ADF-BE12-42055FCA415F}.Mono Debug|Any CPU.ActiveCfg = Debug|Any CPU
		{87A6A028-7F33-4ADF-BE12-42055FCA415F}.Mono Debug|Any CPU.Build.0 = Debug|Any CPU
		{87A6A028-7F33-4ADF-BE12-42055FCA415F}.Mono Debug|Mixed Platforms.ActiveCfg = Debug|Any CPU
		{87A6A028-7F33-4ADF-BE12-42055FCA415F}.Mono Debug|Mixed Platforms.Build.0 = Debug|Any CPU
		{87A6A028-7F33-4ADF-BE12-42055FCA415F}.Mono Release|Any CPU.ActiveCfg = Mono Release|Any CPU
		{87A6A028-7F33-4ADF-BE12-42055FCA415F}.Mono Release|Any CPU.Build.0 = Mono Release|Any CPU
		{87A6A028-7F33-4ADF-BE12-42055FCA415F}.Mono Release|Mixed Platforms.ActiveCfg = Mono Release|Any CPU
		{87A6A028-7F33-4ADF-BE12-42055FCA415F}.Mono Release|Mixed Platforms.Build.0 = Mono Release|Any CPU
		{87A6A028-7F33-4ADF-BE12-42055FCA415F}.Release|Any CPU.ActiveCfg = Release|Any CPU
		{87A6A028-7F33-4ADF-BE12-42055FCA415F}.Release|Any CPU.Build.0 = Release|Any CPU
		{87A6A028-7F33-4ADF-BE12-42055FCA415F}.Release|Mixed Platforms.ActiveCfg = Release|Any CPU
		{87A6A028-7F33-4ADF-BE12-42055FCA415F}.Release|Mixed Platforms.Build.0 = Release|Any CPU
		{7EF9F4E3-C8D0-4141-97E2-422000EF5CE6}.Coverage|Any CPU.ActiveCfg = Debug|Any CPU
		{7EF9F4E3-C8D0-4141-97E2-422000EF5CE6}.Coverage|Any CPU.Build.0 = Debug|Any CPU
		{7EF9F4E3-C8D0-4141-97E2-422000EF5CE6}.Coverage|Mixed Platforms.ActiveCfg = Debug|Any CPU
		{7EF9F4E3-C8D0-4141-97E2-422000EF5CE6}.Coverage|Mixed Platforms.Build.0 = Debug|Any CPU
		{7EF9F4E3-C8D0-4141-97E2-422000EF5CE6}.Debug|Any CPU.ActiveCfg = Debug|Any CPU
		{7EF9F4E3-C8D0-4141-97E2-422000EF5CE6}.Debug|Any CPU.Build.0 = Debug|Any CPU
		{7EF9F4E3-C8D0-4141-97E2-422000EF5CE6}.Debug|Mixed Platforms.ActiveCfg = Debug|Any CPU
		{7EF9F4E3-C8D0-4141-97E2-422000EF5CE6}.Debug|Mixed Platforms.Build.0 = Debug|Any CPU
		{7EF9F4E3-C8D0-4141-97E2-422000EF5CE6}.Mono Debug|Any CPU.ActiveCfg = Debug|Any CPU
		{7EF9F4E3-C8D0-4141-97E2-422000EF5CE6}.Mono Debug|Any CPU.Build.0 = Debug|Any CPU
		{7EF9F4E3-C8D0-4141-97E2-422000EF5CE6}.Mono Debug|Mixed Platforms.ActiveCfg = Debug|Any CPU
		{7EF9F4E3-C8D0-4141-97E2-422000EF5CE6}.Mono Debug|Mixed Platforms.Build.0 = Debug|Any CPU
		{7EF9F4E3-C8D0-4141-97E2-422000EF5CE6}.Mono Release|Any CPU.ActiveCfg = Mono Release|Any CPU
		{7EF9F4E3-C8D0-4141-97E2-422000EF5CE6}.Mono Release|Any CPU.Build.0 = Mono Release|Any CPU
		{7EF9F4E3-C8D0-4141-97E2-422000EF5CE6}.Mono Release|Mixed Platforms.ActiveCfg = Mono Release|Any CPU
		{7EF9F4E3-C8D0-4141-97E2-422000EF5CE6}.Mono Release|Mixed Platforms.Build.0 = Mono Release|Any CPU
		{7EF9F4E3-C8D0-4141-97E2-422000EF5CE6}.Release|Any CPU.ActiveCfg = Release|Any CPU
		{7EF9F4E3-C8D0-4141-97E2-422000EF5CE6}.Release|Any CPU.Build.0 = Release|Any CPU
		{7EF9F4E3-C8D0-4141-97E2-422000EF5CE6}.Release|Mixed Platforms.ActiveCfg = Release|Any CPU
		{7EF9F4E3-C8D0-4141-97E2-422000EF5CE6}.Release|Mixed Platforms.Build.0 = Release|Any CPU
		{6E4CDE33-291B-4C17-AB5F-BBA04FDC0FA9}.Coverage|Any CPU.ActiveCfg = Mono Release|Any CPU
		{6E4CDE33-291B-4C17-AB5F-BBA04FDC0FA9}.Coverage|Any CPU.Build.0 = Mono Release|Any CPU
		{6E4CDE33-291B-4C17-AB5F-BBA04FDC0FA9}.Coverage|Mixed Platforms.ActiveCfg = Mono Release|Any CPU
		{6E4CDE33-291B-4C17-AB5F-BBA04FDC0FA9}.Coverage|Mixed Platforms.Build.0 = Mono Release|Any CPU
		{6E4CDE33-291B-4C17-AB5F-BBA04FDC0FA9}.Debug|Any CPU.ActiveCfg = Debug|Any CPU
		{6E4CDE33-291B-4C17-AB5F-BBA04FDC0FA9}.Debug|Any CPU.Build.0 = Debug|Any CPU
		{6E4CDE33-291B-4C17-AB5F-BBA04FDC0FA9}.Debug|Mixed Platforms.ActiveCfg = Debug|Any CPU
		{6E4CDE33-291B-4C17-AB5F-BBA04FDC0FA9}.Debug|Mixed Platforms.Build.0 = Debug|Any CPU
		{6E4CDE33-291B-4C17-AB5F-BBA04FDC0FA9}.Mono Debug|Any CPU.ActiveCfg = Mono Release|Any CPU
		{6E4CDE33-291B-4C17-AB5F-BBA04FDC0FA9}.Mono Debug|Any CPU.Build.0 = Mono Release|Any CPU
		{6E4CDE33-291B-4C17-AB5F-BBA04FDC0FA9}.Mono Debug|Mixed Platforms.ActiveCfg = Mono Release|Any CPU
		{6E4CDE33-291B-4C17-AB5F-BBA04FDC0FA9}.Mono Debug|Mixed Platforms.Build.0 = Mono Release|Any CPU
		{6E4CDE33-291B-4C17-AB5F-BBA04FDC0FA9}.Mono Release|Any CPU.ActiveCfg = Mono Release|Any CPU
		{6E4CDE33-291B-4C17-AB5F-BBA04FDC0FA9}.Mono Release|Any CPU.Build.0 = Mono Release|Any CPU
		{6E4CDE33-291B-4C17-AB5F-BBA04FDC0FA9}.Mono Release|Mixed Platforms.ActiveCfg = Mono Release|Any CPU
		{6E4CDE33-291B-4C17-AB5F-BBA04FDC0FA9}.Mono Release|Mixed Platforms.Build.0 = Mono Release|Any CPU
		{6E4CDE33-291B-4C17-AB5F-BBA04FDC0FA9}.Release|Any CPU.ActiveCfg = Release|Any CPU
		{6E4CDE33-291B-4C17-AB5F-BBA04FDC0FA9}.Release|Any CPU.Build.0 = Release|Any CPU
		{6E4CDE33-291B-4C17-AB5F-BBA04FDC0FA9}.Release|Mixed Platforms.ActiveCfg = Release|Any CPU
		{6E4CDE33-291B-4C17-AB5F-BBA04FDC0FA9}.Release|Mixed Platforms.Build.0 = Release|Any CPU
		{F61E1F91-4798-44A9-B3E2-82367A4096F0}.Coverage|Any CPU.ActiveCfg = Mono Release|Any CPU
		{F61E1F91-4798-44A9-B3E2-82367A4096F0}.Coverage|Any CPU.Build.0 = Mono Release|Any CPU
		{F61E1F91-4798-44A9-B3E2-82367A4096F0}.Coverage|Mixed Platforms.ActiveCfg = Mono Release|Any CPU
		{F61E1F91-4798-44A9-B3E2-82367A4096F0}.Coverage|Mixed Platforms.Build.0 = Mono Release|Any CPU
		{F61E1F91-4798-44A9-B3E2-82367A4096F0}.Debug|Any CPU.ActiveCfg = Debug|Any CPU
		{F61E1F91-4798-44A9-B3E2-82367A4096F0}.Debug|Any CPU.Build.0 = Debug|Any CPU
		{F61E1F91-4798-44A9-B3E2-82367A4096F0}.Debug|Mixed Platforms.ActiveCfg = Debug|Any CPU
		{F61E1F91-4798-44A9-B3E2-82367A4096F0}.Debug|Mixed Platforms.Build.0 = Debug|Any CPU
		{F61E1F91-4798-44A9-B3E2-82367A4096F0}.Mono Debug|Any CPU.ActiveCfg = Mono Release|Any CPU
		{F61E1F91-4798-44A9-B3E2-82367A4096F0}.Mono Debug|Any CPU.Build.0 = Mono Release|Any CPU
		{F61E1F91-4798-44A9-B3E2-82367A4096F0}.Mono Debug|Mixed Platforms.ActiveCfg = Mono Release|Any CPU
		{F61E1F91-4798-44A9-B3E2-82367A4096F0}.Mono Debug|Mixed Platforms.Build.0 = Mono Release|Any CPU
		{F61E1F91-4798-44A9-B3E2-82367A4096F0}.Mono Release|Any CPU.ActiveCfg = Mono Release|Any CPU
		{F61E1F91-4798-44A9-B3E2-82367A4096F0}.Mono Release|Any CPU.Build.0 = Mono Release|Any CPU
		{F61E1F91-4798-44A9-B3E2-82367A4096F0}.Mono Release|Mixed Platforms.ActiveCfg = Mono Release|Any CPU
		{F61E1F91-4798-44A9-B3E2-82367A4096F0}.Mono Release|Mixed Platforms.Build.0 = Mono Release|Any CPU
		{F61E1F91-4798-44A9-B3E2-82367A4096F0}.Release|Any CPU.ActiveCfg = Release|Any CPU
		{F61E1F91-4798-44A9-B3E2-82367A4096F0}.Release|Any CPU.Build.0 = Release|Any CPU
		{F61E1F91-4798-44A9-B3E2-82367A4096F0}.Release|Mixed Platforms.ActiveCfg = Release|Any CPU
		{F61E1F91-4798-44A9-B3E2-82367A4096F0}.Release|Mixed Platforms.Build.0 = Release|Any CPU
		{2C22DB5E-6047-461F-BCE6-C122F8E47057}.Coverage|Any CPU.ActiveCfg = Mono Release|Any CPU
		{2C22DB5E-6047-461F-BCE6-C122F8E47057}.Coverage|Any CPU.Build.0 = Mono Release|Any CPU
		{2C22DB5E-6047-461F-BCE6-C122F8E47057}.Coverage|Mixed Platforms.ActiveCfg = Mono Release|Any CPU
		{2C22DB5E-6047-461F-BCE6-C122F8E47057}.Coverage|Mixed Platforms.Build.0 = Mono Release|Any CPU
		{2C22DB5E-6047-461F-BCE6-C122F8E47057}.Debug|Any CPU.ActiveCfg = Debug|Any CPU
		{2C22DB5E-6047-461F-BCE6-C122F8E47057}.Debug|Any CPU.Build.0 = Debug|Any CPU
		{2C22DB5E-6047-461F-BCE6-C122F8E47057}.Debug|Mixed Platforms.ActiveCfg = Debug|Any CPU
		{2C22DB5E-6047-461F-BCE6-C122F8E47057}.Debug|Mixed Platforms.Build.0 = Debug|Any CPU
		{2C22DB5E-6047-461F-BCE6-C122F8E47057}.Mono Debug|Any CPU.ActiveCfg = Mono Release|Any CPU
		{2C22DB5E-6047-461F-BCE6-C122F8E47057}.Mono Debug|Any CPU.Build.0 = Mono Release|Any CPU
		{2C22DB5E-6047-461F-BCE6-C122F8E47057}.Mono Debug|Mixed Platforms.ActiveCfg = Mono Release|Any CPU
		{2C22DB5E-6047-461F-BCE6-C122F8E47057}.Mono Debug|Mixed Platforms.Build.0 = Mono Release|Any CPU
		{2C22DB5E-6047-461F-BCE6-C122F8E47057}.Mono Release|Any CPU.ActiveCfg = Mono Release|Any CPU
		{2C22DB5E-6047-461F-BCE6-C122F8E47057}.Mono Release|Any CPU.Build.0 = Mono Release|Any CPU
		{2C22DB5E-6047-461F-BCE6-C122F8E47057}.Mono Release|Mixed Platforms.ActiveCfg = Mono Release|Any CPU
		{2C22DB5E-6047-461F-BCE6-C122F8E47057}.Mono Release|Mixed Platforms.Build.0 = Mono Release|Any CPU
		{2C22DB5E-6047-461F-BCE6-C122F8E47057}.Release|Any CPU.ActiveCfg = Release|Any CPU
		{2C22DB5E-6047-461F-BCE6-C122F8E47057}.Release|Any CPU.Build.0 = Release|Any CPU
		{2C22DB5E-6047-461F-BCE6-C122F8E47057}.Release|Mixed Platforms.ActiveCfg = Release|Any CPU
		{2C22DB5E-6047-461F-BCE6-C122F8E47057}.Release|Mixed Platforms.Build.0 = Release|Any CPU
	EndGlobalSection
	GlobalSection(SolutionProperties) = preSolution
		HideSolutionNode = FALSE
	EndGlobalSection
	GlobalSection(NestedProjects) = preSolution
		{34C38812-8CDE-42AB-845F-E1761A232628} = {1D0E79D8-8940-4CE9-BFD4-36EC4F4E3698}
		{1DDD91CC-30EB-4A20-B70D-EFDD0378D06C} = {1D0E79D8-8940-4CE9-BFD4-36EC4F4E3698}
		{5D69604F-3FF4-429E-A846-9D4B64865295} = {1D0E79D8-8940-4CE9-BFD4-36EC4F4E3698}
		{87A6A028-7F33-4ADF-BE12-42055FCA415F} = {1D0E79D8-8940-4CE9-BFD4-36EC4F4E3698}
		{7EF9F4E3-C8D0-4141-97E2-422000EF5CE6} = {1D0E79D8-8940-4CE9-BFD4-36EC4F4E3698}
		{6E4CDE33-291B-4C17-AB5F-BBA04FDC0FA9} = {1D0E79D8-8940-4CE9-BFD4-36EC4F4E3698}
		{F61E1F91-4798-44A9-B3E2-82367A4096F0} = {1D0E79D8-8940-4CE9-BFD4-36EC4F4E3698}
		{2C22DB5E-6047-461F-BCE6-C122F8E47057} = {1D0E79D8-8940-4CE9-BFD4-36EC4F4E3698}
	EndGlobalSection
EndGlobal
