
Microsoft Visual Studio Solution File, Format Version 12.00
# Visual Studio 15
VisualStudioVersion = 15.0.26228.4
MinimumVisualStudioVersion = 10.0.40219.1
Project("{2150E333-8FDC-42A3-9474-1A3956D46DE8}") = "tests", "tests", "{E7B39EAD-EA32-4011-845A-C949A336389A}"
	ProjectSection(SolutionItems) = preProject
		build\common.props = build\common.props
		build\common.ps1 = build\common.ps1
		build\common.targets = build\common.targets
		build\config.props = build\config.props
		build\sign.targets = build\sign.targets
		build\test.targets = build\test.targets
	EndProjectSection
EndProject
Project("{2150E333-8FDC-42A3-9474-1A3956D46DE8}") = "Solution Items", "Solution Items", "{A2E61590-0069-4746-A44D-4B2B805EDD91}"
	ProjectSection(SolutionItems) = preProject
		build.cmd = build.cmd
		CodeAnalysisDictionary.xml = CodeAnalysisDictionary.xml
		NuGet.ruleset = NuGet.ruleset
	EndProjectSection
EndProject
Project("{9A19103F-16F7-4668-BE54-9A1E7A4F7556}") = "NuGet.Packaging.Core", "..\NuGet.Client\src\NuGet.Core\NuGet.Packaging.Core\NuGet.Packaging.Core.csproj", "{8918A5CA-DC99-4C15-877C-1942B1A1D544}"
EndProject
Project("{9A19103F-16F7-4668-BE54-9A1E7A4F7556}") = "NuGet.Versioning", "..\NuGet.Client\src\NuGet.Core\NuGet.Versioning\NuGet.Versioning.csproj", "{DC2586D5-B39B-4F5D-A98B-56424AE752E9}"
EndProject
Project("{2150E333-8FDC-42A3-9474-1A3956D46DE8}") = "Core", "Core", "{1D0E79D8-8940-4CE9-BFD4-36EC4F4E3698}"
EndProject
Project("{9A19103F-16F7-4668-BE54-9A1E7A4F7556}") = "NuGet.Frameworks", "..\NuGet.Client\src\NuGet.Core\NuGet.Frameworks\NuGet.Frameworks.csproj", "{05BF0319-74C8-42AA-B6DF-03A319278C3C}"
EndProject
Project("{9A19103F-16F7-4668-BE54-9A1E7A4F7556}") = "NuGet.Common", "..\NuGet.Client\src\NuGet.Core\NuGet.Common\NuGet.Common.csproj", "{987A2F94-63DF-474D-A8BD-7AD311C4797C}"
EndProject
Project("{9A19103F-16F7-4668-BE54-9A1E7A4F7556}") = "NuGet.Packaging", "..\NuGet.Client\src\NuGet.Core\NuGet.Packaging\NuGet.Packaging.csproj", "{7F322CEB-1F44-41E9-A4A5-447EAF050E1D}"
EndProject
Project("{9A19103F-16F7-4668-BE54-9A1E7A4F7556}") = "NuGet.ServerLib", "src\NuGet.Server\NuGet.ServerLib.csproj", "{F2D2010C-40F9-4EA6-B37A-141A44F677F0}"
EndProject
Project("{FAE04EC0-301F-11D3-BF4B-00C04F79EFBC}") = "Server", "src\Server\Server.csproj", "{6817E3E6-1FB2-4C25-8AD0-6BE00F67ECDC}"
EndProject
Global
	GlobalSection(SolutionConfigurationPlatforms) = preSolution
		Coverage|Any CPU = Coverage|Any CPU
		Coverage|Mixed Platforms = Coverage|Mixed Platforms
		Debug|Any CPU = Debug|Any CPU
		Debug|Mixed Platforms = Debug|Mixed Platforms
		Mono Debug|Any CPU = Mono Debug|Any CPU
		Mono Debug|Mixed Platforms = Mono Debug|Mixed Platforms
		Mono Release|Any CPU = Mono Release|Any CPU
		Mono Release|Mixed Platforms = Mono Release|Mixed Platforms
		Release|Any CPU = Release|Any CPU
		Release|Mixed Platforms = Release|Mixed Platforms
	EndGlobalSection
	GlobalSection(ProjectConfigurationPlatforms) = postSolution
		{8918A5CA-DC99-4C15-877C-1942B1A1D544}.Coverage|Any CPU.ActiveCfg = Mono Release|Any CPU
		{8918A5CA-DC99-4C15-877C-1942B1A1D544}.Coverage|Any CPU.Build.0 = Mono Release|Any CPU
		{8918A5CA-DC99-4C15-877C-1942B1A1D544}.Coverage|Mixed Platforms.ActiveCfg = Mono Release|Any CPU
		{8918A5CA-DC99-4C15-877C-1942B1A1D544}.Coverage|Mixed Platforms.Build.0 = Mono Release|Any CPU
		{8918A5CA-DC99-4C15-877C-1942B1A1D544}.Debug|Any CPU.ActiveCfg = Debug|Any CPU
		{8918A5CA-DC99-4C15-877C-1942B1A1D544}.Debug|Any CPU.Build.0 = Debug|Any CPU
		{8918A5CA-DC99-4C15-877C-1942B1A1D544}.Debug|Mixed Platforms.ActiveCfg = Debug|Any CPU
		{8918A5CA-DC99-4C15-877C-1942B1A1D544}.Debug|Mixed Platforms.Build.0 = Debug|Any CPU
		{8918A5CA-DC99-4C15-877C-1942B1A1D544}.Mono Debug|Any CPU.ActiveCfg = Mono Release|Any CPU
		{8918A5CA-DC99-4C15-877C-1942B1A1D544}.Mono Debug|Any CPU.Build.0 = Mono Release|Any CPU
		{8918A5CA-DC99-4C15-877C-1942B1A1D544}.Mono Debug|Mixed Platforms.ActiveCfg = Mono Release|Any CPU
		{8918A5CA-DC99-4C15-877C-1942B1A1D544}.Mono Debug|Mixed Platforms.Build.0 = Mono Release|Any CPU
		{8918A5CA-DC99-4C15-877C-1942B1A1D544}.Mono Release|Any CPU.ActiveCfg = Mono Release|Any CPU
		{8918A5CA-DC99-4C15-877C-1942B1A1D544}.Mono Release|Any CPU.Build.0 = Mono Release|Any CPU
		{8918A5CA-DC99-4C15-877C-1942B1A1D544}.Mono Release|Mixed Platforms.ActiveCfg = Mono Release|Any CPU
		{8918A5CA-DC99-4C15-877C-1942B1A1D544}.Mono Release|Mixed Platforms.Build.0 = Mono Release|Any CPU
		{8918A5CA-DC99-4C15-877C-1942B1A1D544}.Release|Any CPU.ActiveCfg = Release|Any CPU
		{8918A5CA-DC99-4C15-877C-1942B1A1D544}.Release|Any CPU.Build.0 = Release|Any CPU
		{8918A5CA-DC99-4C15-877C-1942B1A1D544}.Release|Mixed Platforms.ActiveCfg = Release|Any CPU
		{8918A5CA-DC99-4C15-877C-1942B1A1D544}.Release|Mixed Platforms.Build.0 = Release|Any CPU
		{DC2586D5-B39B-4F5D-A98B-56424AE752E9}.Coverage|Any CPU.ActiveCfg = Mono Release|Any CPU
		{DC2586D5-B39B-4F5D-A98B-56424AE752E9}.Coverage|Any CPU.Build.0 = Mono Release|Any CPU
		{DC2586D5-B39B-4F5D-A98B-56424AE752E9}.Coverage|Mixed Platforms.ActiveCfg = Mono Release|Any CPU
		{DC2586D5-B39B-4F5D-A98B-56424AE752E9}.Coverage|Mixed Platforms.Build.0 = Mono Release|Any CPU
		{DC2586D5-B39B-4F5D-A98B-56424AE752E9}.Debug|Any CPU.ActiveCfg = Debug|Any CPU
		{DC2586D5-B39B-4F5D-A98B-56424AE752E9}.Debug|Any CPU.Build.0 = Debug|Any CPU
		{DC2586D5-B39B-4F5D-A98B-56424AE752E9}.Debug|Mixed Platforms.ActiveCfg = Debug|Any CPU
		{DC2586D5-B39B-4F5D-A98B-56424AE752E9}.Debug|Mixed Platforms.Build.0 = Debug|Any CPU
		{DC2586D5-B39B-4F5D-A98B-56424AE752E9}.Mono Debug|Any CPU.ActiveCfg = Mono Release|Any CPU
		{DC2586D5-B39B-4F5D-A98B-56424AE752E9}.Mono Debug|Any CPU.Build.0 = Mono Release|Any CPU
		{DC2586D5-B39B-4F5D-A98B-56424AE752E9}.Mono Debug|Mixed Platforms.ActiveCfg = Mono Release|Any CPU
		{DC2586D5-B39B-4F5D-A98B-56424AE752E9}.Mono Debug|Mixed Platforms.Build.0 = Mono Release|Any CPU
		{DC2586D5-B39B-4F5D-A98B-56424AE752E9}.Mono Release|Any CPU.ActiveCfg = Mono Release|Any CPU
		{DC2586D5-B39B-4F5D-A98B-56424AE752E9}.Mono Release|Any CPU.Build.0 = Mono Release|Any CPU
		{DC2586D5-B39B-4F5D-A98B-56424AE752E9}.Mono Release|Mixed Platforms.ActiveCfg = Mono Release|Any CPU
		{DC2586D5-B39B-4F5D-A98B-56424AE752E9}.Mono Release|Mixed Platforms.Build.0 = Mono Release|Any CPU
		{DC2586D5-B39B-4F5D-A98B-56424AE752E9}.Release|Any CPU.ActiveCfg = Release|Any CPU
		{DC2586D5-B39B-4F5D-A98B-56424AE752E9}.Release|Any CPU.Build.0 = Release|Any CPU
		{DC2586D5-B39B-4F5D-A98B-56424AE752E9}.Release|Mixed Platforms.ActiveCfg = Release|Any CPU
		{DC2586D5-B39B-4F5D-A98B-56424AE752E9}.Release|Mixed Platforms.Build.0 = Release|Any CPU
		{05BF0319-74C8-42AA-B6DF-03A319278C3C}.Coverage|Any CPU.ActiveCfg = Mono Release|Any CPU
		{05BF0319-74C8-42AA-B6DF-03A319278C3C}.Coverage|Any CPU.Build.0 = Mono Release|Any CPU
		{05BF0319-74C8-42AA-B6DF-03A319278C3C}.Coverage|Mixed Platforms.ActiveCfg = Mono Release|Any CPU
		{05BF0319-74C8-42AA-B6DF-03A319278C3C}.Coverage|Mixed Platforms.Build.0 = Mono Release|Any CPU
		{05BF0319-74C8-42AA-B6DF-03A319278C3C}.Debug|Any CPU.ActiveCfg = Debug|Any CPU
		{05BF0319-74C8-42AA-B6DF-03A319278C3C}.Debug|Any CPU.Build.0 = Debug|Any CPU
		{05BF0319-74C8-42AA-B6DF-03A319278C3C}.Debug|Mixed Platforms.ActiveCfg = Debug|Any CPU
		{05BF0319-74C8-42AA-B6DF-03A319278C3C}.Debug|Mixed Platforms.Build.0 = Debug|Any CPU
		{05BF0319-74C8-42AA-B6DF-03A319278C3C}.Mono Debug|Any CPU.ActiveCfg = Mono Release|Any CPU
		{05BF0319-74C8-42AA-B6DF-03A319278C3C}.Mono Debug|Any CPU.Build.0 = Mono Release|Any CPU
		{05BF0319-74C8-42AA-B6DF-03A319278C3C}.Mono Debug|Mixed Platforms.ActiveCfg = Mono Release|Any CPU
		{05BF0319-74C8-42AA-B6DF-03A319278C3C}.Mono Debug|Mixed Platforms.Build.0 = Mono Release|Any CPU
		{05BF0319-74C8-42AA-B6DF-03A319278C3C}.Mono Release|Any CPU.ActiveCfg = Mono Release|Any CPU
		{05BF0319-74C8-42AA-B6DF-03A319278C3C}.Mono Release|Any CPU.Build.0 = Mono Release|Any CPU
		{05BF0319-74C8-42AA-B6DF-03A319278C3C}.Mono Release|Mixed Platforms.ActiveCfg = Mono Release|Any CPU
		{05BF0319-74C8-42AA-B6DF-03A319278C3C}.Mono Release|Mixed Platforms.Build.0 = Mono Release|Any CPU
		{05BF0319-74C8-42AA-B6DF-03A319278C3C}.Release|Any CPU.ActiveCfg = Release|Any CPU
		{05BF0319-74C8-42AA-B6DF-03A319278C3C}.Release|Any CPU.Build.0 = Release|Any CPU
		{05BF0319-74C8-42AA-B6DF-03A319278C3C}.Release|Mixed Platforms.ActiveCfg = Release|Any CPU
		{05BF0319-74C8-42AA-B6DF-03A319278C3C}.Release|Mixed Platforms.Build.0 = Release|Any CPU
		{987A2F94-63DF-474D-A8BD-7AD311C4797C}.Coverage|Any CPU.ActiveCfg = Mono Release|Any CPU
		{987A2F94-63DF-474D-A8BD-7AD311C4797C}.Coverage|Any CPU.Build.0 = Mono Release|Any CPU
		{987A2F94-63DF-474D-A8BD-7AD311C4797C}.Coverage|Mixed Platforms.ActiveCfg = Mono Release|Any CPU
		{987A2F94-63DF-474D-A8BD-7AD311C4797C}.Coverage|Mixed Platforms.Build.0 = Mono Release|Any CPU
		{987A2F94-63DF-474D-A8BD-7AD311C4797C}.Debug|Any CPU.ActiveCfg = Debug|Any CPU
		{987A2F94-63DF-474D-A8BD-7AD311C4797C}.Debug|Any CPU.Build.0 = Debug|Any CPU
		{987A2F94-63DF-474D-A8BD-7AD311C4797C}.Debug|Mixed Platforms.ActiveCfg = Debug|Any CPU
		{987A2F94-63DF-474D-A8BD-7AD311C4797C}.Debug|Mixed Platforms.Build.0 = Debug|Any CPU
		{987A2F94-63DF-474D-A8BD-7AD311C4797C}.Mono Debug|Any CPU.ActiveCfg = Mono Release|Any CPU
		{987A2F94-63DF-474D-A8BD-7AD311C4797C}.Mono Debug|Any CPU.Build.0 = Mono Release|Any CPU
		{987A2F94-63DF-474D-A8BD-7AD311C4797C}.Mono Debug|Mixed Platforms.ActiveCfg = Mono Release|Any CPU
		{987A2F94-63DF-474D-A8BD-7AD311C4797C}.Mono Debug|Mixed Platforms.Build.0 = Mono Release|Any CPU
		{987A2F94-63DF-474D-A8BD-7AD311C4797C}.Mono Release|Any CPU.ActiveCfg = Mono Release|Any CPU
		{987A2F94-63DF-474D-A8BD-7AD311C4797C}.Mono Release|Any CPU.Build.0 = Mono Release|Any CPU
		{987A2F94-63DF-474D-A8BD-7AD311C4797C}.Mono Release|Mixed Platforms.ActiveCfg = Mono Release|Any CPU
		{987A2F94-63DF-474D-A8BD-7AD311C4797C}.Mono Release|Mixed Platforms.Build.0 = Mono Release|Any CPU
		{987A2F94-63DF-474D-A8BD-7AD311C4797C}.Release|Any CPU.ActiveCfg = Release|Any CPU
		{987A2F94-63DF-474D-A8BD-7AD311C4797C}.Release|Any CPU.Build.0 = Release|Any CPU
		{987A2F94-63DF-474D-A8BD-7AD311C4797C}.Release|Mixed Platforms.ActiveCfg = Release|Any CPU
		{987A2F94-63DF-474D-A8BD-7AD311C4797C}.Release|Mixed Platforms.Build.0 = Release|Any CPU
		{7F322CEB-1F44-41E9-A4A5-447EAF050E1D}.Coverage|Any CPU.ActiveCfg = Mono Release|Any CPU
		{7F322CEB-1F44-41E9-A4A5-447EAF050E1D}.Coverage|Any CPU.Build.0 = Mono Release|Any CPU
		{7F322CEB-1F44-41E9-A4A5-447EAF050E1D}.Coverage|Mixed Platforms.ActiveCfg = Mono Release|Any CPU
		{7F322CEB-1F44-41E9-A4A5-447EAF050E1D}.Coverage|Mixed Platforms.Build.0 = Mono Release|Any CPU
		{7F322CEB-1F44-41E9-A4A5-447EAF050E1D}.Debug|Any CPU.ActiveCfg = Debug|Any CPU
		{7F322CEB-1F44-41E9-A4A5-447EAF050E1D}.Debug|Any CPU.Build.0 = Debug|Any CPU
		{7F322CEB-1F44-41E9-A4A5-447EAF050E1D}.Debug|Mixed Platforms.ActiveCfg = Debug|Any CPU
		{7F322CEB-1F44-41E9-A4A5-447EAF050E1D}.Debug|Mixed Platforms.Build.0 = Debug|Any CPU
		{7F322CEB-1F44-41E9-A4A5-447EAF050E1D}.Mono Debug|Any CPU.ActiveCfg = Mono Release|Any CPU
		{7F322CEB-1F44-41E9-A4A5-447EAF050E1D}.Mono Debug|Any CPU.Build.0 = Mono Release|Any CPU
		{7F322CEB-1F44-41E9-A4A5-447EAF050E1D}.Mono Debug|Mixed Platforms.ActiveCfg = Mono Release|Any CPU
		{7F322CEB-1F44-41E9-A4A5-447EAF050E1D}.Mono Debug|Mixed Platforms.Build.0 = Mono Release|Any CPU
		{7F322CEB-1F44-41E9-A4A5-447EAF050E1D}.Mono Release|Any CPU.ActiveCfg = Mono Release|Any CPU
		{7F322CEB-1F44-41E9-A4A5-447EAF050E1D}.Mono Release|Any CPU.Build.0 = Mono Release|Any CPU
		{7F322CEB-1F44-41E9-A4A5-447EAF050E1D}.Mono Release|Mixed Platforms.ActiveCfg = Mono Release|Any CPU
		{7F322CEB-1F44-41E9-A4A5-447EAF050E1D}.Mono Release|Mixed Platforms.Build.0 = Mono Release|Any CPU
		{7F322CEB-1F44-41E9-A4A5-447EAF050E1D}.Release|Any CPU.ActiveCfg = Release|Any CPU
		{7F322CEB-1F44-41E9-A4A5-447EAF050E1D}.Release|Any CPU.Build.0 = Release|Any CPU
		{7F322CEB-1F44-41E9-A4A5-447EAF050E1D}.Release|Mixed Platforms.ActiveCfg = Release|Any CPU
		{7F322CEB-1F44-41E9-A4A5-447EAF050E1D}.Release|Mixed Platforms.Build.0 = Release|Any CPU
		{F2D2010C-40F9-4EA6-B37A-141A44F677F0}.Coverage|Any CPU.ActiveCfg = Debug|Any CPU
		{F2D2010C-40F9-4EA6-B37A-141A44F677F0}.Coverage|Any CPU.Build.0 = Debug|Any CPU
		{F2D2010C-40F9-4EA6-B37A-141A44F677F0}.Coverage|Mixed Platforms.ActiveCfg = Debug|Any CPU
		{F2D2010C-40F9-4EA6-B37A-141A44F677F0}.Coverage|Mixed Platforms.Build.0 = Debug|Any CPU
		{F2D2010C-40F9-4EA6-B37A-141A44F677F0}.Debug|Any CPU.ActiveCfg = Debug|Any CPU
		{F2D2010C-40F9-4EA6-B37A-141A44F677F0}.Debug|Any CPU.Build.0 = Debug|Any CPU
		{F2D2010C-40F9-4EA6-B37A-141A44F677F0}.Debug|Mixed Platforms.ActiveCfg = Debug|Any CPU
		{F2D2010C-40F9-4EA6-B37A-141A44F677F0}.Debug|Mixed Platforms.Build.0 = Debug|Any CPU
		{F2D2010C-40F9-4EA6-B37A-141A44F677F0}.Mono Debug|Any CPU.ActiveCfg = Debug|Any CPU
		{F2D2010C-40F9-4EA6-B37A-141A44F677F0}.Mono Debug|Any CPU.Build.0 = Debug|Any CPU
		{F2D2010C-40F9-4EA6-B37A-141A44F677F0}.Mono Debug|Mixed Platforms.ActiveCfg = Debug|Any CPU
		{F2D2010C-40F9-4EA6-B37A-141A44F677F0}.Mono Debug|Mixed Platforms.Build.0 = Debug|Any CPU
		{F2D2010C-40F9-4EA6-B37A-141A44F677F0}.Mono Release|Any CPU.ActiveCfg = Mono Release|Any CPU
		{F2D2010C-40F9-4EA6-B37A-141A44F677F0}.Mono Release|Any CPU.Build.0 = Mono Release|Any CPU
		{F2D2010C-40F9-4EA6-B37A-141A44F677F0}.Mono Release|Mixed Platforms.ActiveCfg = Mono Release|Any CPU
		{F2D2010C-40F9-4EA6-B37A-141A44F677F0}.Mono Release|Mixed Platforms.Build.0 = Mono Release|Any CPU
		{F2D2010C-40F9-4EA6-B37A-141A44F677F0}.Release|Any CPU.ActiveCfg = Release|Any CPU
		{F2D2010C-40F9-4EA6-B37A-141A44F677F0}.Release|Any CPU.Build.0 = Release|Any CPU
		{F2D2010C-40F9-4EA6-B37A-141A44F677F0}.Release|Mixed Platforms.ActiveCfg = Release|Any CPU
		{F2D2010C-40F9-4EA6-B37A-141A44F677F0}.Release|Mixed Platforms.Build.0 = Release|Any CPU
		{6817E3E6-1FB2-4C25-8AD0-6BE00F67ECDC}.Coverage|Any CPU.ActiveCfg = Release|Any CPU
		{6817E3E6-1FB2-4C25-8AD0-6BE00F67ECDC}.Coverage|Any CPU.Build.0 = Release|Any CPU
		{6817E3E6-1FB2-4C25-8AD0-6BE00F67ECDC}.Coverage|Mixed Platforms.ActiveCfg = Release|Any CPU
		{6817E3E6-1FB2-4C25-8AD0-6BE00F67ECDC}.Coverage|Mixed Platforms.Build.0 = Release|Any CPU
		{6817E3E6-1FB2-4C25-8AD0-6BE00F67ECDC}.Debug|Any CPU.ActiveCfg = Debug|Any CPU
		{6817E3E6-1FB2-4C25-8AD0-6BE00F67ECDC}.Debug|Any CPU.Build.0 = Debug|Any CPU
		{6817E3E6-1FB2-4C25-8AD0-6BE00F67ECDC}.Debug|Mixed Platforms.ActiveCfg = Debug|Any CPU
		{6817E3E6-1FB2-4C25-8AD0-6BE00F67ECDC}.Debug|Mixed Platforms.Build.0 = Debug|Any CPU
		{6817E3E6-1FB2-4C25-8AD0-6BE00F67ECDC}.Mono Debug|Any CPU.ActiveCfg = Debug|Any CPU
		{6817E3E6-1FB2-4C25-8AD0-6BE00F67ECDC}.Mono Debug|Any CPU.Build.0 = Debug|Any CPU
		{6817E3E6-1FB2-4C25-8AD0-6BE00F67ECDC}.Mono Debug|Mixed Platforms.ActiveCfg = Debug|Any CPU
		{6817E3E6-1FB2-4C25-8AD0-6BE00F67ECDC}.Mono Debug|Mixed Platforms.Build.0 = Debug|Any CPU
		{6817E3E6-1FB2-4C25-8AD0-6BE00F67ECDC}.Mono Release|Any CPU.ActiveCfg = Release|Any CPU
		{6817E3E6-1FB2-4C25-8AD0-6BE00F67ECDC}.Mono Release|Any CPU.Build.0 = Release|Any CPU
		{6817E3E6-1FB2-4C25-8AD0-6BE00F67ECDC}.Mono Release|Mixed Platforms.ActiveCfg = Release|Any CPU
		{6817E3E6-1FB2-4C25-8AD0-6BE00F67ECDC}.Mono Release|Mixed Platforms.Build.0 = Release|Any CPU
		{6817E3E6-1FB2-4C25-8AD0-6BE00F67ECDC}.Release|Any CPU.ActiveCfg = Release|Any CPU
		{6817E3E6-1FB2-4C25-8AD0-6BE00F67ECDC}.Release|Any CPU.Build.0 = Release|Any CPU
		{6817E3E6-1FB2-4C25-8AD0-6BE00F67ECDC}.Release|Mixed Platforms.ActiveCfg = Release|Any CPU
		{6817E3E6-1FB2-4C25-8AD0-6BE00F67ECDC}.Release|Mixed Platforms.Build.0 = Release|Any CPU
	EndGlobalSection
	GlobalSection(SolutionProperties) = preSolution
		HideSolutionNode = FALSE
	EndGlobalSection
	GlobalSection(NestedProjects) = preSolution
		{8918A5CA-DC99-4C15-877C-1942B1A1D544} = {1D0E79D8-8940-4CE9-BFD4-36EC4F4E3698}
		{DC2586D5-B39B-4F5D-A98B-56424AE752E9} = {1D0E79D8-8940-4CE9-BFD4-36EC4F4E3698}
		{05BF0319-74C8-42AA-B6DF-03A319278C3C} = {1D0E79D8-8940-4CE9-BFD4-36EC4F4E3698}
		{987A2F94-63DF-474D-A8BD-7AD311C4797C} = {1D0E79D8-8940-4CE9-BFD4-36EC4F4E3698}
		{7F322CEB-1F44-41E9-A4A5-447EAF050E1D} = {1D0E79D8-8940-4CE9-BFD4-36EC4F4E3698}
	EndGlobalSection
EndGlobal
